
Microsoft Visual Studio Solution File, Format Version 10.00
# Visual Studio 2008
Project("{8BC9CEB8-8B4A-11D0-8D11-00A0C91BC942}") = "CPSC585", "CPSC585\CPSC585.vcproj", "{21A2E9BE-EAB0-4476-ADE4-78A6D6D0FCB8}"
	ProjectSection(ProjectDependencies) = postProject
		{39DA351F-CA29-0A45-8F7E-94CFE6C2B7FE} = {39DA351F-CA29-0A45-8F7E-94CFE6C2B7FE}
		{0A910B43-7E06-CB47-BC8F-EB1834836B67} = {0A910B43-7E06-CB47-BC8F-EB1834836B67}
		{AAFB81AD-91DA-5146-A4B9-68E5706CB6C1} = {AAFB81AD-91DA-5146-A4B9-68E5706CB6C1}
	EndProjectSection
EndProject
Project("{8BC9CEB8-8B4A-11D0-8D11-00A0C91BC942}") = "LinearMath", "CPSC585\LinearMath.vcproj", "{39DA351F-CA29-0A45-8F7E-94CFE6C2B7FE}"
EndProject
Project("{8BC9CEB8-8B4A-11D0-8D11-00A0C91BC942}") = "BulletCollision", "CPSC585\BulletCollision.vcproj", "{AAFB81AD-91DA-5146-A4B9-68E5706CB6C1}"
EndProject
Project("{8BC9CEB8-8B4A-11D0-8D11-00A0C91BC942}") = "BulletDynamics", "CPSC585\BulletDynamics.vcproj", "{0A910B43-7E06-CB47-BC8F-EB1834836B67}"
EndProject
Global
	GlobalSection(SolutionConfigurationPlatforms) = preSolution
		Debug|Win32 = Debug|Win32
		Debug|x64 = Debug|x64
		Release|Win32 = Release|Win32
		Release|x64 = Release|x64
	EndGlobalSection
	GlobalSection(ProjectConfigurationPlatforms) = postSolution
		{21A2E9BE-EAB0-4476-ADE4-78A6D6D0FCB8}.Debug|Win32.ActiveCfg = Debug|Win32
		{21A2E9BE-EAB0-4476-ADE4-78A6D6D0FCB8}.Debug|Win32.Build.0 = Debug|Win32
		{21A2E9BE-EAB0-4476-ADE4-78A6D6D0FCB8}.Debug|x64.ActiveCfg = Debug|Win32
		{21A2E9BE-EAB0-4476-ADE4-78A6D6D0FCB8}.Release|Win32.ActiveCfg = Release|Win32
		{21A2E9BE-EAB0-4476-ADE4-78A6D6D0FCB8}.Release|Win32.Build.0 = Release|Win32
		{21A2E9BE-EAB0-4476-ADE4-78A6D6D0FCB8}.Release|x64.ActiveCfg = Release|Win32
		{39DA351F-CA29-0A45-8F7E-94CFE6C2B7FE}.Debug|Win32.ActiveCfg = Debug|Win32
		{39DA351F-CA29-0A45-8F7E-94CFE6C2B7FE}.Debug|Win32.Build.0 = Debug|Win32
		{39DA351F-CA29-0A45-8F7E-94CFE6C2B7FE}.Debug|x64.ActiveCfg = Debug|x64
		{39DA351F-CA29-0A45-8F7E-94CFE6C2B7FE}.Debug|x64.Build.0 = Debug|x64
		{39DA351F-CA29-0A45-8F7E-94CFE6C2B7FE}.Release|Win32.ActiveCfg = Release|Win32
		{39DA351F-CA29-0A45-8F7E-94CFE6C2B7FE}.Release|Win32.Build.0 = Release|Win32
		{39DA351F-CA29-0A45-8F7E-94CFE6C2B7FE}.Release|x64.ActiveCfg = Release|x64
		{39DA351F-CA29-0A45-8F7E-94CFE6C2B7FE}.Release|x64.Build.0 = Release|x64
		{AAFB81AD-91DA-5146-A4B9-68E5706CB6C1}.Debug|Win32.ActiveCfg = Debug|Win32
		{AAFB81AD-91DA-5146-A4B9-68E5706CB6C1}.Debug|Win32.Build.0 = Debug|Win32
		{AAFB81AD-91DA-5146-A4B9-68E5706CB6C1}.Debug|x64.ActiveCfg = Debug|x64
		{AAFB81AD-91DA-5146-A4B9-68E5706CB6C1}.Debug|x64.Build.0 = Debug|x64
		{AAFB81AD-91DA-5146-A4B9-68E5706CB6C1}.Release|Win32.ActiveCfg = Release|Win32
		{AAFB81AD-91DA-5146-A4B9-68E5706CB6C1}.Release|Win32.Build.0 = Release|Win32
		{AAFB81AD-91DA-5146-A4B9-68E5706CB6C1}.Release|x64.ActiveCfg = Release|x64
		{AAFB81AD-91DA-5146-A4B9-68E5706CB6C1}.Release|x64.Build.0 = Release|x64
		{0A910B43-7E06-CB47-BC8F-EB1834836B67}.Debug|Win32.ActiveCfg = Debug|Win32
		{0A910B43-7E06-CB47-BC8F-EB1834836B67}.Debug|Win32.Build.0 = Debug|Win32
		{0A910B43-7E06-CB47-BC8F-EB1834836B67}.Debug|x64.ActiveCfg = Debug|x64
		{0A910B43-7E06-CB47-BC8F-EB1834836B67}.Debug|x64.Build.0 = Debug|x64
		{0A910B43-7E06-CB47-BC8F-EB1834836B67}.Release|Win32.ActiveCfg = Release|Win32
		{0A910B43-7E06-CB47-BC8F-EB1834836B67}.Release|Win32.Build.0 = Release|Win32
		{0A910B43-7E06-CB47-BC8F-EB1834836B67}.Release|x64.ActiveCfg = Release|x64
		{0A910B43-7E06-CB47-BC8F-EB1834836B67}.Release|x64.Build.0 = Release|x64
	EndGlobalSection
	GlobalSection(SolutionProperties) = preSolution
		HideSolutionNode = FALSE
	EndGlobalSection
EndGlobal
